{
  "name": "hapi16",
  "version": "1.0.0",
  "lockfileVersion": 1,
  "requires": true,
  "dependencies": {
    "adler-32": {
      "version": "1.2.0",
      "resolved": "https://registry.npmjs.org/adler-32/-/adler-32-1.2.0.tgz",
      "integrity": "sha1-aj5r8KY5ALoVZSgIyxXGgT0aXyU=",
      "requires": {
        "exit-on-epipe": "1.0.1",
        "printj": "1.1.2"
      }
    },
    "cfb": {
      "version": "1.1.0",
      "resolved": "https://registry.npmjs.org/cfb/-/cfb-1.1.0.tgz",
      "integrity": "sha512-ZqfxNGWTMKhd0a/n6YKJLq8hWbd5kR3cA4kXwUj9vVEdHlwJ09werR8gN15Z7Y1FTXqdD6dE3GGCxv4uc28raA==",
      "requires": {
        "adler-32": "1.2.0",
        "commander": "2.17.1",
        "crc-32": "1.2.0",
        "printj": "1.1.2"
      }
    },
    "charenc": {
      "version": "0.0.2",
      "resolved": "https://registry.npmjs.org/charenc/-/charenc-0.0.2.tgz",
      "integrity": "sha1-wKHS86cJLgN3S/qD8UwPxXkKhmc="
    },
    "codepage": {
      "version": "1.14.0",
      "resolved": "https://registry.npmjs.org/codepage/-/codepage-1.14.0.tgz",
      "integrity": "sha1-jL4lSBMjVZ19MHVxsP/5HnodL5k=",
      "requires": {
        "commander": "2.14.1",
        "exit-on-epipe": "1.0.1"
      },
      "dependencies": {
        "commander": {
          "version": "2.14.1",
          "resolved": "http://registry.npmjs.org/commander/-/commander-2.14.1.tgz",
          "integrity": "sha512-+YR16o3rK53SmWHU3rEM3tPAh2rwb1yPcQX5irVn7mb0gXbwuCCrnkbV5+PBfETdfg1vui07nM6PCG1zndcjQw=="
        }
      }
    },
    "commander": {
      "version": "2.17.1",
      "resolved": "https://registry.npmjs.org/commander/-/commander-2.17.1.tgz",
      "integrity": "sha512-wPMUt6FnH2yzG95SA6mzjQOEKUU3aLaDEmzs1ti+1E9h+CsrZghRlqEM/EJ4KscsQVG8uNN4uVreUeT8+drlgg=="
    },
    "crc-32": {
      "version": "1.2.0",
      "resolved": "https://registry.npmjs.org/crc-32/-/crc-32-1.2.0.tgz",
      "integrity": "sha512-1uBwHxF+Y/4yF5G48fwnKq6QsIXheor3ZLPT80yGBV1oEUwpPojlEhQbWKVw1VwcTQyMGHK1/XMmTjmlsmTTGA==",
      "requires": {
        "exit-on-epipe": "1.0.1",
        "printj": "1.1.2"
      }
    },
    "crypt": {
      "version": "0.0.2",
      "resolved": "https://registry.npmjs.org/crypt/-/crypt-0.0.2.tgz",
      "integrity": "sha1-iNf/fsDfuG9xPch7u0LQRNPmxBs="
    },
    "exit-on-epipe": {
      "version": "1.0.1",
      "resolved": "https://registry.npmjs.org/exit-on-epipe/-/exit-on-epipe-1.0.1.tgz",
      "integrity": "sha512-h2z5mrROTxce56S+pnvAV890uu7ls7f1kEvVGJbw1OlFH3/mlJ5bkXu0KRyW94v37zzHPiUd55iLn3DA7TjWpw=="
    },
    "fast-xml-parser": {
      "version": "3.12.5",
      "resolved": "https://registry.npmjs.org/fast-xml-parser/-/fast-xml-parser-3.12.5.tgz",
      "integrity": "sha512-g8TSGUF1a2vdFmQ29vKcYBNnwuJQQuyr6It3cjGsiD3dkUXqVWuXZQvjEkgrrCe5K8D30X125ACyxaj7XaaH8g==",
      "requires": {
        "nimnjs": "1.3.2"
      }
    },
    "frac": {
      "version": "1.1.2",
      "resolved": "https://registry.npmjs.org/frac/-/frac-1.1.2.tgz",
      "integrity": "sha512-w/XBfkibaTl3YDqASwfDUqkna4Z2p9cFSr1aHDt0WoMTECnRfBOv2WArlZILlqgWlmdIlALXGpM2AOhEk5W3IA=="
    },
    "hapi": {
      "version": "16.0.1",
      "resolved": "http://registry.npmjs.org/hapi/-/hapi-16.0.1.tgz",
      "integrity": "sha1-WGLZMKs0fulcpk9HX7CMkf2oXxQ=",
      "requires": {
        "accept": "2.1.3",
        "ammo": "2.0.3",
        "boom": "4.2.0",
        "call": "4.0.0",
        "catbox": "7.1.3",
        "catbox-memory": "2.0.4",
        "cryptiles": "3.1.1",
        "heavy": "4.0.3",
        "hoek": "4.1.0",
        "iron": "4.0.4",
        "items": "2.1.1",
        "joi": "10.0.1",
        "mimos": "3.0.3",
        "podium": "1.2.5",
        "shot": "3.4.0",
        "statehood": "5.0.1",
        "subtext": "4.3.0",
        "topo": "2.0.2"
      },
      "dependencies": {
        "accept": {
          "version": "2.1.3",
          "resolved": "https://registry.npmjs.org/accept/-/accept-2.1.3.tgz",
          "integrity": "sha1-qw9b2kxEm76SaupgezUiVi9az4Y=",
          "requires": {
            "boom": "4.2.0",
            "hoek": "4.1.0"
          }
        },
        "ammo": {
          "version": "2.0.3",
          "resolved": "https://registry.npmjs.org/ammo/-/ammo-2.0.3.tgz",
          "integrity": "sha1-kUu89lsEPtD1ioqdAZbiUOxR5qc=",
          "requires": {
            "boom": "4.2.0",
            "hoek": "4.1.0"
          }
        },
        "b64": {
          "version": "3.0.2",
          "resolved": "https://registry.npmjs.org/b64/-/b64-3.0.2.tgz",
          "integrity": "sha1-ep1gRmrfe43hFMvfZRpf38yQiU0="
        },
        "boom": {
          "version": "4.2.0",
          "resolved": "https://registry.npmjs.org/boom/-/boom-4.2.0.tgz",
          "integrity": "sha1-wadBdLEfu6Ij9hYtT9iFGhuCpTY=",
          "requires": {
            "hoek": "4.1.0"
          }
        },
        "call": {
          "version": "4.0.0",
          "resolved": "https://registry.npmjs.org/call/-/call-4.0.0.tgz",
          "integrity": "sha1-zSk4GpgEahMtsm4mKOcL2DIaHd8=",
          "requires": {
            "boom": "4.2.0",
            "hoek": "4.1.0"
          }
        },
        "catbox": {
          "version": "7.1.3",
          "resolved": "http://registry.npmjs.org/catbox/-/catbox-7.1.3.tgz",
          "integrity": "sha1-mBft7FqSF0MoKt38nEWs5ShH7rs=",
          "requires": {
            "boom": "4.2.0",
            "hoek": "4.1.0",
            "joi": "10.0.1"
          }
        },
        "catbox-memory": {
          "version": "2.0.4",
          "resolved": "https://registry.npmjs.org/catbox-memory/-/catbox-memory-2.0.4.tgz",
          "integrity": "sha1-Qz4lWQLK9UIz0ShkKcj03xToItU=",
          "requires": {
            "hoek": "4.1.0"
          }
        },
        "content": {
          "version": "3.0.3",
          "resolved": "https://registry.npmjs.org/content/-/content-3.0.3.tgz",
          "integrity": "sha1-AA+KATcblcZq/pm+k5D6bLkaqHo=",
          "requires": {
            "boom": "4.2.0"
          }
        },
        "cryptiles": {
          "version": "3.1.1",
          "resolved": "https://registry.npmjs.org/cryptiles/-/cryptiles-3.1.1.tgz",
          "integrity": "sha1-hqkgP3NnoOkyS8dVX/D89fgZee4=",
          "requires": {
            "boom": "4.2.0"
          }
        },
        "heavy": {
          "version": "4.0.3",
          "resolved": "https://registry.npmjs.org/heavy/-/heavy-4.0.3.tgz",
          "integrity": "sha1-l2u6EYsBGxX+kEqk8pKhaL/GIy8=",
          "requires": {
            "boom": "4.2.0",
            "hoek": "4.1.0",
            "joi": "10.0.1"
          }
        },
        "hoek": {
          "version": "4.1.0",
          "resolved": "https://registry.npmjs.org/hoek/-/hoek-4.1.0.tgz",
          "integrity": "sha1-SkVXRg9phC7UY6oAYozCbSaDr6c="
        },
        "iron": {
          "version": "4.0.4",
          "resolved": "https://registry.npmjs.org/iron/-/iron-4.0.4.tgz",
          "integrity": "sha1-wfjMTJFFQZSriSDZJHuoguUoBho=",
          "requires": {
            "boom": "4.2.0",
            "cryptiles": "3.1.1",
            "hoek": "4.1.0"
          }
        },
        "isemail": {
          "version": "2.2.1",
          "resolved": "https://registry.npmjs.org/isemail/-/isemail-2.2.1.tgz",
          "integrity": "sha1-A1PT2aYpUQgMJiwqoKQrjqjp4qY="
        },
        "items": {
          "version": "2.1.1",
          "resolved": "https://registry.npmjs.org/items/-/items-2.1.1.tgz",
          "integrity": "sha1-i9FtnIOxlSneWuoyGsqtp4NkoZg="
        },
        "joi": {
          "version": "10.0.1",
          "resolved": "http://registry.npmjs.org/joi/-/joi-10.0.1.tgz",
          "integrity": "sha1-MM6fdwOLfZ3wgl2AEIsVxMrTCgs=",
          "requires": {
            "hoek": "4.1.0",
            "isemail": "2.2.1",
            "items": "2.1.1",
            "topo": "2.0.2"
          }
        },
        "mime-db": {
          "version": "1.25.0",
          "resolved": "https://registry.npmjs.org/mime-db/-/mime-db-1.25.0.tgz",
          "integrity": "sha1-wY29fHOl2/b0SgJNwNFloeexw5I="
        },
        "mimos": {
          "version": "3.0.3",
          "resolved": "https://registry.npmjs.org/mimos/-/mimos-3.0.3.tgz",
          "integrity": "sha1-uRCQcq03jCty9qAQHEPd+ys2ZB8=",
          "requires": {
            "hoek": "4.1.0",
            "mime-db": "1.25.0"
          }
        },
        "nigel": {
          "version": "2.0.2",
          "resolved": "https://registry.npmjs.org/nigel/-/nigel-2.0.2.tgz",
          "integrity": "sha1-k6GGb7DFLYc5CqdeKxYfS1x15bE=",
          "requires": {
            "hoek": "4.1.0",
            "vise": "2.0.2"
          }
        },
        "pez": {
          "version": "2.1.4",
          "resolved": "https://registry.npmjs.org/pez/-/pez-2.1.4.tgz",
          "integrity": "sha1-c/gi+mLVmdZcRgb0kNVNNFGRvHw=",
          "requires": {
            "b64": "3.0.2",
            "boom": "4.2.0",
            "content": "3.0.3",
            "hoek": "4.1.0",
            "nigel": "2.0.2"
          }
        },
        "podium": {
          "version": "1.2.5",
          "resolved": "https://registry.npmjs.org/podium/-/podium-1.2.5.tgz",
          "integrity": "sha1-h8VmwvA2W88KHsdgLE0BlIzdKtU=",
          "requires": {
            "hoek": "4.1.0",
            "items": "2.1.1",
            "joi": "10.0.1"
          }
        },
        "shot": {
          "version": "3.4.0",
          "resolved": "https://registry.npmjs.org/shot/-/shot-3.4.0.tgz",
          "integrity": "sha1-5xJe5yV1rlIYNJ6TNjaAjXkNS5I=",
          "requires": {
            "hoek": "4.1.0",
            "joi": "10.0.1"
          }
        },
        "statehood": {
          "version": "5.0.1",
          "resolved": "https://registry.npmjs.org/statehood/-/statehood-5.0.1.tgz",
          "integrity": "sha1-/BPJezd1HBjnBRPSuX6Jasi3MAU=",
          "requires": {
            "boom": "4.2.0",
            "cryptiles": "3.1.1",
            "hoek": "4.1.0",
            "iron": "4.0.4",
            "items": "2.1.1",
            "joi": "10.0.1"
          }
        },
        "subtext": {
          "version": "4.3.0",
          "resolved": "https://registry.npmjs.org/subtext/-/subtext-4.3.0.tgz",
          "integrity": "sha1-36yQSS7DVmn9bgDG5dk4sG18z7s=",
          "requires": {
            "boom": "4.2.0",
            "content": "3.0.3",
            "hoek": "4.1.0",
            "pez": "2.1.4",
            "wreck": "10.0.0"
          }
        },
        "topo": {
          "version": "2.0.2",
          "resolved": "https://registry.npmjs.org/topo/-/topo-2.0.2.tgz",
          "integrity": "sha1-zVYVdSU5BXwNwEkaYhw7xvvh0YI=",
          "requires": {
            "hoek": "4.1.0"
          }
        },
        "vise": {
          "version": "2.0.2",
          "resolved": "https://registry.npmjs.org/vise/-/vise-2.0.2.tgz",
          "integrity": "sha1-awjo+0y3bjpQzW3Q7DczjoEaDTk=",
          "requires": {
            "hoek": "4.1.0"
          }
        },
        "wreck": {
          "version": "10.0.0",
          "resolved": "https://registry.npmjs.org/wreck/-/wreck-10.0.0.tgz",
          "integrity": "sha1-mKuIL4XhalJjMlB/EB9aeEEWIng=",
          "requires": {
            "boom": "4.2.0",
            "hoek": "4.1.0"
          }
        }
      }
    },
    "he": {
      "version": "1.2.0",
      "resolved": "https://registry.npmjs.org/he/-/he-1.2.0.tgz",
      "integrity": "sha512-F/1DnUGPopORZi0ni+CvrCgHQ5FyEAHRLSApuYWMmrbSwoN2Mn/7k+Gl38gJnR7yyDZk6WLXwiGod1JOWNDKGw=="
    },
    "hoek": {
      "version": "5.0.4",
      "resolved": "https://registry.npmjs.org/hoek/-/hoek-5.0.4.tgz",
      "integrity": "sha512-Alr4ZQgoMlnere5FZJsIyfIjORBqZll5POhDsF4q64dPuJR6rNxXdDxtHSQq8OXRurhmx+PWYEE8bXRROY8h0w=="
    },
    "is-buffer": {
      "version": "1.1.6",
      "resolved": "https://registry.npmjs.org/is-buffer/-/is-buffer-1.1.6.tgz",
      "integrity": "sha512-NcdALwpXkTm5Zvvbk7owOUSvVvBKDgKP5/ewfXEznmQFfs4ZRmanOeKBTjRVjka3QFoN6XJ+9F3USqfHqTaU5w=="
    },
    "isemail": {
      "version": "3.1.3",
      "resolved": "https://registry.npmjs.org/isemail/-/isemail-3.1.3.tgz",
      "integrity": "sha512-5xbsG5wYADIcB+mfLsd+nst1V/D+I7EU7LEZPo2GOIMu4JzfcRs5yQoypP4avA7QtUqgxYLKBYNv4IdzBmbhdw==",
      "requires": {
        "punycode": "2.1.1"
      }
    },
    "joi": {
      "version": "13.7.0",
      "resolved": "https://registry.npmjs.org/joi/-/joi-13.7.0.tgz",
      "integrity": "sha512-xuY5VkHfeOYK3Hdi91ulocfuFopwgbSORmIwzcwHKESQhC7w1kD5jaVSPnqDxS2I8t3RZ9omCKAxNwXN5zG1/Q==",
      "requires": {
        "hoek": "5.0.4",
        "isemail": "3.1.3",
        "topo": "3.0.0"
      }
    },
    "md5": {
      "version": "2.2.1",
      "resolved": "https://registry.npmjs.org/md5/-/md5-2.2.1.tgz",
      "integrity": "sha1-U6s41f48iJG6RlMp6iP6wFQBJvk=",
      "requires": {
        "charenc": "0.0.2",
        "crypt": "0.0.2",
        "is-buffer": "1.1.6"
      }
    },
    "minimist": {
      "version": "0.0.8",
      "resolved": "http://registry.npmjs.org/minimist/-/minimist-0.0.8.tgz",
      "integrity": "sha1-hX/Kv8M5fSYluCKCYuhqp6ARsF0="
    },
    "mkdirp": {
      "version": "0.5.1",
      "resolved": "http://registry.npmjs.org/mkdirp/-/mkdirp-0.5.1.tgz",
      "integrity": "sha1-MAV0OOrGz3+MR2fzhkjWaX11yQM=",
      "requires": {
        "minimist": "0.0.8"
      }
    },
    "nimn-date-parser": {
      "version": "1.0.0",
      "resolved": "https://registry.npmjs.org/nimn-date-parser/-/nimn-date-parser-1.0.0.tgz",
      "integrity": "sha512-1Nf+x3EeMvHUiHsVuEhiZnwA8RMeOBVTQWfB1S2n9+i6PYCofHd2HRMD+WOHIHYshy4T4Gk8wQoCol7Hq3av8Q=="
    },
    "nimn_schema_builder": {
      "version": "1.1.0",
      "resolved": "https://registry.npmjs.org/nimn_schema_builder/-/nimn_schema_builder-1.1.0.tgz",
      "integrity": "sha512-DK5/B8CM4qwzG2URy130avcwPev4uO0ev836FbQyKo1ms6I9z/i6EJyiZ+d9xtgloxUri0W+5gfR8YbPq7SheA=="
    },
    "nimnjs": {
      "version": "1.3.2",
      "resolved": "https://registry.npmjs.org/nimnjs/-/nimnjs-1.3.2.tgz",
      "integrity": "sha512-TIOtI4iqkQrUM1tiM76AtTQem0c7e56SkDZ7sj1d1MfUsqRcq2ZWQvej/O+HBTZV7u/VKnwlKTDugK/75IRPPw==",
      "requires": {
        "nimn-date-parser": "1.0.0",
        "nimn_schema_builder": "1.1.0"
      }
    },
    "printj": {
      "version": "1.1.2",
      "resolved": "http://registry.npmjs.org/printj/-/printj-1.1.2.tgz",
      "integrity": "sha512-zA2SmoLaxZyArQTOPj5LXecR+RagfPSU5Kw1qP+jkWeNlrq+eJZyY2oS68SU1Z/7/myXM4lo9716laOFAVStCQ=="
    },
    "punycode": {
      "version": "2.1.1",
      "resolved": "https://registry.npmjs.org/punycode/-/punycode-2.1.1.tgz",
      "integrity": "sha512-XRsRjdf+j5ml+y/6GKHPZbrF/8p2Yga0JPtdqTIY2Xe5ohJPD9saDJJLPvp9+NSBprVvevdXZybnj2cv8OEd0A=="
    },
    "ssf": {
      "version": "0.10.2",
      "resolved": "https://registry.npmjs.org/ssf/-/ssf-0.10.2.tgz",
      "integrity": "sha512-rDhAPm9WyIsY8eZEKyE8Qsotb3j/wBdvMWBUsOhJdfhKGLfQidRjiBUV0y/MkyCLiXQ38FG6LWW/VYUtqlIDZQ==",
      "requires": {
        "frac": "1.1.2"
      }
    },
    "topo": {
      "version": "3.0.0",
      "resolved": "https://registry.npmjs.org/topo/-/topo-3.0.0.tgz",
      "integrity": "sha512-Tlu1fGlR90iCdIPURqPiufqAlCZYzLjHYVVbcFWDMcX7+tK8hdZWAfsMrD/pBul9jqHHwFjNdf1WaxA9vTRRhw==",
      "requires": {
        "hoek": "5.0.4"
      }
    },
    "uuid": {
      "version": "3.3.2",
      "resolved": "https://registry.npmjs.org/uuid/-/uuid-3.3.2.tgz",
      "integrity": "sha512-yXJmeNaw3DnnKAOKJE51sL/ZaYfWJRl1pK9dr19YFCu0ObS231AB1/LbqTKRAQ5kw8A90rA6fr4riOUpTZvQZA=="
    },
    "xlsx": {
      "version": "0.14.0",
      "resolved": "https://registry.npmjs.org/xlsx/-/xlsx-0.14.0.tgz",
      "integrity": "sha512-1MDQ7XYRj6JqbXmgCN+ivL6Nr77NzyynM2Inekr5xfmVdsr628FK1nvy6d3T7Y40fbzCj4EMaica4i6YT5UfBA==",
      "requires": {
        "adler-32": "1.2.0",
        "cfb": "1.1.0",
        "codepage": "1.14.0",
        "commander": "2.17.1",
        "crc-32": "1.2.0",
        "exit-on-epipe": "1.0.1",
        "ssf": "0.10.2"
      }
    },
    "xmlbuilder": {
      "version": "10.1.0",
      "resolved": "https://registry.npmjs.org/xmlbuilder/-/xmlbuilder-10.1.0.tgz",
      "integrity": "sha512-In21jFWiaulS7Cmw1fPT1Lm7g7L6ml/uwZNAaKlDZc78szm3pn5oH9gizH7sh1h2GGRb3OkL5kLCeMEENEnZwA=="
    }
  }
}
